github.com/ftl/godxmap v1.0.0 h1:5T1SYRtTd49AoISdFGvvRWcqJ9kFA1fzdx6yWJT54zM=
github.com/ftl/godxmap v1.0.0/go.mod h1:Cl5gtnJFMPtVktcghGTaGeVSFQ1tlZFzkI3p/LylrdI=
github.com/k0swe/wsjtx-go v1.1.1 h1:zXSA49nqIMbVQTvftQ5YnSF3j1yxQIi51vVbsQeqofs=
github.com/k0swe/wsjtx-go v1.1.1/go.mod h1:qkz3iGZSG75fpwqwwHnYeqdbjGeVvA0zMt9yE9QpKEc=
github.com/leemcloughlin/jdn v0.0.0-20201102080031-6f88db6a6bf2 h1:CdyD5OzAIzNFzpJ9WQRjJWj4pVRxZ9v15xdHnhvUPdw=
github.com/leemcloughlin/jdn v0.0.0-20201102080031-6f88db6a6bf2/go.mod h1:LAowglanJPLb6WYSx3D1Ht/XE54OGIr0i4mz9kdbXrs=
golang.org/x/net v0.25.0 h1:d/OCCoBEUq33pjydKrGQhw7IlUPI2Oylr+8qLx49kac=
golang.org/x/net v0.25.0/go.mod h1:JkAGAh7GEvH74S6FOH42FLoXpXbE/aqXSrIQjXgsiwM=
